
Microsoft Visual Studio Solution File, Format Version 12.00
# Visual Studio 2012
Project("{FAE04EC0-301F-11D3-BF4B-00C04F79EFBC}") = "NLog.Android", "NLog.Android\NLog.Android.csproj", "{6E1DB746-CFC9-4E22-A059-87AFF1AE8564}"
EndProject
Project("{FAE04EC0-301F-11D3-BF4B-00C04F79EFBC}") = "NLog.iOS", "NLog.iOS\NLog.iOS.csproj", "{DC6BB629-7B3C-46FD-887D-BE17A3D22F1F}"
EndProject
Project("{FAE04EC0-301F-11D3-BF4B-00C04F79EFBC}") = "NLog.Android.Test", "NLog.Android.Test\NLog.Android.Test.csproj", "{3626F760-6218-4C65-80A4-4230C6A5A467}"
EndProject
Project("{FAE04EC0-301F-11D3-BF4B-00C04F79EFBC}") = "NLog.Core", "NLog.Core\NLog.Core.csproj", "{5DAC7DAF-5D12-49EB-ADDD-B0D4397EA066}"
EndProject
Project("{FAE04EC0-301F-11D3-BF4B-00C04F79EFBC}") = "NLog.iOS.Test", "NLog.iOS.Test\NLog.iOS.Test.csproj", "{3EB4660D-E153-4207-BE80-1B3F6BA4E814}"
EndProject
Project("{FAE04EC0-301F-11D3-BF4B-00C04F79EFBC}") = "Newtonsoft.Json.MonoDroid", "Newtonsoft.Json\Newtonsoft.Json.MonoDroid.csproj", "{E6C3413C-919B-486D-8B6C-225CBD921B98}"
EndProject
Project("{FAE04EC0-301F-11D3-BF4B-00C04F79EFBC}") = "Pubnub", "Pubnub\Pubnub.csproj", "{26FB09F5-8C19-4AB5-9E03-C0CD268E9E10}"
EndProject
Global
	GlobalSection(SolutionConfigurationPlatforms) = preSolution
		Ad-Hoc|Any CPU = Ad-Hoc|Any CPU
		Ad-Hoc|iPhone = Ad-Hoc|iPhone
		Ad-Hoc|iPhoneSimulator = Ad-Hoc|iPhoneSimulator
		Ad-Hoc|Mixed Platforms = Ad-Hoc|Mixed Platforms
		AppStore|Any CPU = AppStore|Any CPU
		AppStore|iPhone = AppStore|iPhone
		AppStore|iPhoneSimulator = AppStore|iPhoneSimulator
		AppStore|Mixed Platforms = AppStore|Mixed Platforms
		Debug|Any CPU = Debug|Any CPU
		Debug|iPhone = Debug|iPhone
		Debug|iPhoneSimulator = Debug|iPhoneSimulator
		Debug|Mixed Platforms = Debug|Mixed Platforms
		Release|Any CPU = Release|Any CPU
		Release|iPhone = Release|iPhone
		Release|iPhoneSimulator = Release|iPhoneSimulator
		Release|Mixed Platforms = Release|Mixed Platforms
	EndGlobalSection
	GlobalSection(ProjectConfigurationPlatforms) = postSolution
		{6E1DB746-CFC9-4E22-A059-87AFF1AE8564}.Ad-Hoc|Any CPU.ActiveCfg = Release|Any CPU
		{6E1DB746-CFC9-4E22-A059-87AFF1AE8564}.Ad-Hoc|Any CPU.Build.0 = Release|Any CPU
		{6E1DB746-CFC9-4E22-A059-87AFF1AE8564}.Ad-Hoc|iPhone.ActiveCfg = Release|Any CPU
		{6E1DB746-CFC9-4E22-A059-87AFF1AE8564}.Ad-Hoc|iPhoneSimulator.ActiveCfg = Release|Any CPU
		{6E1DB746-CFC9-4E22-A059-87AFF1AE8564}.Ad-Hoc|Mixed Platforms.ActiveCfg = Debug|Any CPU
		{6E1DB746-CFC9-4E22-A059-87AFF1AE8564}.Ad-Hoc|Mixed Platforms.Build.0 = Debug|Any CPU
		{6E1DB746-CFC9-4E22-A059-87AFF1AE8564}.AppStore|Any CPU.ActiveCfg = Release|Any CPU
		{6E1DB746-CFC9-4E22-A059-87AFF1AE8564}.AppStore|Any CPU.Build.0 = Release|Any CPU
		{6E1DB746-CFC9-4E22-A059-87AFF1AE8564}.AppStore|iPhone.ActiveCfg = Release|Any CPU
		{6E1DB746-CFC9-4E22-A059-87AFF1AE8564}.AppStore|iPhoneSimulator.ActiveCfg = Release|Any CPU
		{6E1DB746-CFC9-4E22-A059-87AFF1AE8564}.AppStore|Mixed Platforms.ActiveCfg = Debug|Any CPU
		{6E1DB746-CFC9-4E22-A059-87AFF1AE8564}.AppStore|Mixed Platforms.Build.0 = Debug|Any CPU
		{6E1DB746-CFC9-4E22-A059-87AFF1AE8564}.Debug|Any CPU.ActiveCfg = Debug|Any CPU
		{6E1DB746-CFC9-4E22-A059-87AFF1AE8564}.Debug|Any CPU.Build.0 = Debug|Any CPU
		{6E1DB746-CFC9-4E22-A059-87AFF1AE8564}.Debug|iPhone.ActiveCfg = Debug|Any CPU
		{6E1DB746-CFC9-4E22-A059-87AFF1AE8564}.Debug|iPhoneSimulator.ActiveCfg = Debug|Any CPU
		{6E1DB746-CFC9-4E22-A059-87AFF1AE8564}.Debug|Mixed Platforms.ActiveCfg = Debug|Any CPU
		{6E1DB746-CFC9-4E22-A059-87AFF1AE8564}.Debug|Mixed Platforms.Build.0 = Debug|Any CPU
		{6E1DB746-CFC9-4E22-A059-87AFF1AE8564}.Release|Any CPU.ActiveCfg = Release|Any CPU
		{6E1DB746-CFC9-4E22-A059-87AFF1AE8564}.Release|Any CPU.Build.0 = Release|Any CPU
		{6E1DB746-CFC9-4E22-A059-87AFF1AE8564}.Release|iPhone.ActiveCfg = Release|Any CPU
		{6E1DB746-CFC9-4E22-A059-87AFF1AE8564}.Release|iPhoneSimulator.ActiveCfg = Release|Any CPU
		{6E1DB746-CFC9-4E22-A059-87AFF1AE8564}.Release|Mixed Platforms.ActiveCfg = Release|Any CPU
		{6E1DB746-CFC9-4E22-A059-87AFF1AE8564}.Release|Mixed Platforms.Build.0 = Release|Any CPU
		{DC6BB629-7B3C-46FD-887D-BE17A3D22F1F}.Ad-Hoc|Any CPU.ActiveCfg = Release|Any CPU
		{DC6BB629-7B3C-46FD-887D-BE17A3D22F1F}.Ad-Hoc|Any CPU.Build.0 = Release|Any CPU
		{DC6BB629-7B3C-46FD-887D-BE17A3D22F1F}.Ad-Hoc|iPhone.ActiveCfg = Release|Any CPU
		{DC6BB629-7B3C-46FD-887D-BE17A3D22F1F}.Ad-Hoc|iPhoneSimulator.ActiveCfg = Release|Any CPU
		{DC6BB629-7B3C-46FD-887D-BE17A3D22F1F}.Ad-Hoc|Mixed Platforms.ActiveCfg = Debug|Any CPU
		{DC6BB629-7B3C-46FD-887D-BE17A3D22F1F}.Ad-Hoc|Mixed Platforms.Build.0 = Debug|Any CPU
		{DC6BB629-7B3C-46FD-887D-BE17A3D22F1F}.AppStore|Any CPU.ActiveCfg = Release|Any CPU
		{DC6BB629-7B3C-46FD-887D-BE17A3D22F1F}.AppStore|Any CPU.Build.0 = Release|Any CPU
		{DC6BB629-7B3C-46FD-887D-BE17A3D22F1F}.AppStore|iPhone.ActiveCfg = Release|Any CPU
		{DC6BB629-7B3C-46FD-887D-BE17A3D22F1F}.AppStore|iPhoneSimulator.ActiveCfg = Release|Any CPU
		{DC6BB629-7B3C-46FD-887D-BE17A3D22F1F}.AppStore|Mixed Platforms.ActiveCfg = Debug|Any CPU
		{DC6BB629-7B3C-46FD-887D-BE17A3D22F1F}.AppStore|Mixed Platforms.Build.0 = Debug|Any CPU
		{DC6BB629-7B3C-46FD-887D-BE17A3D22F1F}.Debug|Any CPU.ActiveCfg = Debug|Any CPU
		{DC6BB629-7B3C-46FD-887D-BE17A3D22F1F}.Debug|Any CPU.Build.0 = Debug|Any CPU
		{DC6BB629-7B3C-46FD-887D-BE17A3D22F1F}.Debug|iPhone.ActiveCfg = Debug|Any CPU
		{DC6BB629-7B3C-46FD-887D-BE17A3D22F1F}.Debug|iPhoneSimulator.ActiveCfg = Debug|Any CPU
		{DC6BB629-7B3C-46FD-887D-BE17A3D22F1F}.Debug|Mixed Platforms.ActiveCfg = Debug|Any CPU
		{DC6BB629-7B3C-46FD-887D-BE17A3D22F1F}.Debug|Mixed Platforms.Build.0 = Debug|Any CPU
		{DC6BB629-7B3C-46FD-887D-BE17A3D22F1F}.Release|Any CPU.ActiveCfg = Release|Any CPU
		{DC6BB629-7B3C-46FD-887D-BE17A3D22F1F}.Release|Any CPU.Build.0 = Release|Any CPU
		{DC6BB629-7B3C-46FD-887D-BE17A3D22F1F}.Release|iPhone.ActiveCfg = Release|Any CPU
		{DC6BB629-7B3C-46FD-887D-BE17A3D22F1F}.Release|iPhoneSimulator.ActiveCfg = Release|Any CPU
		{DC6BB629-7B3C-46FD-887D-BE17A3D22F1F}.Release|Mixed Platforms.ActiveCfg = Release|Any CPU
		{DC6BB629-7B3C-46FD-887D-BE17A3D22F1F}.Release|Mixed Platforms.Build.0 = Release|Any CPU
		{3626F760-6218-4C65-80A4-4230C6A5A467}.Ad-Hoc|Any CPU.ActiveCfg = Release|Any CPU
		{3626F760-6218-4C65-80A4-4230C6A5A467}.Ad-Hoc|iPhone.ActiveCfg = Release|Any CPU
		{3626F760-6218-4C65-80A4-4230C6A5A467}.Ad-Hoc|iPhoneSimulator.ActiveCfg = Release|Any CPU
		{3626F760-6218-4C65-80A4-4230C6A5A467}.Ad-Hoc|Mixed Platforms.ActiveCfg = Debug|Any CPU
		{3626F760-6218-4C65-80A4-4230C6A5A467}.Ad-Hoc|Mixed Platforms.Build.0 = Debug|Any CPU
		{3626F760-6218-4C65-80A4-4230C6A5A467}.Ad-Hoc|Mixed Platforms.Deploy.0 = Debug|Any CPU
		{3626F760-6218-4C65-80A4-4230C6A5A467}.AppStore|Any CPU.ActiveCfg = Release|Any CPU
		{3626F760-6218-4C65-80A4-4230C6A5A467}.AppStore|iPhone.ActiveCfg = Release|Any CPU
		{3626F760-6218-4C65-80A4-4230C6A5A467}.AppStore|iPhoneSimulator.ActiveCfg = Release|Any CPU
		{3626F760-6218-4C65-80A4-4230C6A5A467}.AppStore|Mixed Platforms.ActiveCfg = Debug|Any CPU
		{3626F760-6218-4C65-80A4-4230C6A5A467}.AppStore|Mixed Platforms.Build.0 = Debug|Any CPU
		{3626F760-6218-4C65-80A4-4230C6A5A467}.AppStore|Mixed Platforms.Deploy.0 = Debug|Any CPU
		{3626F760-6218-4C65-80A4-4230C6A5A467}.Debug|Any CPU.ActiveCfg = Debug|Any CPU
		{3626F760-6218-4C65-80A4-4230C6A5A467}.Debug|Any CPU.Build.0 = Debug|Any CPU
		{3626F760-6218-4C65-80A4-4230C6A5A467}.Debug|Any CPU.Deploy.0 = Debug|Any CPU
		{3626F760-6218-4C65-80A4-4230C6A5A467}.Debug|iPhone.ActiveCfg = Debug|Any CPU
		{3626F760-6218-4C65-80A4-4230C6A5A467}.Debug|iPhoneSimulator.ActiveCfg = Debug|Any CPU
		{3626F760-6218-4C65-80A4-4230C6A5A467}.Debug|Mixed Platforms.ActiveCfg = Debug|Any CPU
		{3626F760-6218-4C65-80A4-4230C6A5A467}.Debug|Mixed Platforms.Build.0 = Debug|Any CPU
		{3626F760-6218-4C65-80A4-4230C6A5A467}.Debug|Mixed Platforms.Deploy.0 = Debug|Any CPU
		{3626F760-6218-4C65-80A4-4230C6A5A467}.Release|Any CPU.ActiveCfg = Release|Any CPU
		{3626F760-6218-4C65-80A4-4230C6A5A467}.Release|Any CPU.Build.0 = Release|Any CPU
		{3626F760-6218-4C65-80A4-4230C6A5A467}.Release|Any CPU.Deploy.0 = Release|Any CPU
		{3626F760-6218-4C65-80A4-4230C6A5A467}.Release|iPhone.ActiveCfg = Release|Any CPU
		{3626F760-6218-4C65-80A4-4230C6A5A467}.Release|iPhoneSimulator.ActiveCfg = Release|Any CPU
		{3626F760-6218-4C65-80A4-4230C6A5A467}.Release|Mixed Platforms.ActiveCfg = Release|Any CPU
		{3626F760-6218-4C65-80A4-4230C6A5A467}.Release|Mixed Platforms.Build.0 = Release|Any CPU
		{3626F760-6218-4C65-80A4-4230C6A5A467}.Release|Mixed Platforms.Deploy.0 = Release|Any CPU
		{5DAC7DAF-5D12-49EB-ADDD-B0D4397EA066}.Ad-Hoc|Any CPU.ActiveCfg = Release|Any CPU
		{5DAC7DAF-5D12-49EB-ADDD-B0D4397EA066}.Ad-Hoc|iPhone.ActiveCfg = Release|Any CPU
		{5DAC7DAF-5D12-49EB-ADDD-B0D4397EA066}.Ad-Hoc|iPhoneSimulator.ActiveCfg = Release|Any CPU
		{5DAC7DAF-5D12-49EB-ADDD-B0D4397EA066}.Ad-Hoc|Mixed Platforms.ActiveCfg = Debug|Any CPU
		{5DAC7DAF-5D12-49EB-ADDD-B0D4397EA066}.Ad-Hoc|Mixed Platforms.Build.0 = Debug|Any CPU
		{5DAC7DAF-5D12-49EB-ADDD-B0D4397EA066}.AppStore|Any CPU.ActiveCfg = Release|Any CPU
		{5DAC7DAF-5D12-49EB-ADDD-B0D4397EA066}.AppStore|iPhone.ActiveCfg = Release|Any CPU
		{5DAC7DAF-5D12-49EB-ADDD-B0D4397EA066}.AppStore|iPhoneSimulator.ActiveCfg = Release|Any CPU
		{5DAC7DAF-5D12-49EB-ADDD-B0D4397EA066}.AppStore|Mixed Platforms.ActiveCfg = Debug|Any CPU
		{5DAC7DAF-5D12-49EB-ADDD-B0D4397EA066}.AppStore|Mixed Platforms.Build.0 = Debug|Any CPU
		{5DAC7DAF-5D12-49EB-ADDD-B0D4397EA066}.Debug|Any CPU.ActiveCfg = Debug|Any CPU
		{5DAC7DAF-5D12-49EB-ADDD-B0D4397EA066}.Debug|Any CPU.Build.0 = Debug|Any CPU
		{5DAC7DAF-5D12-49EB-ADDD-B0D4397EA066}.Debug|iPhone.ActiveCfg = Debug|Any CPU
		{5DAC7DAF-5D12-49EB-ADDD-B0D4397EA066}.Debug|iPhoneSimulator.ActiveCfg = Debug|Any CPU
		{5DAC7DAF-5D12-49EB-ADDD-B0D4397EA066}.Debug|Mixed Platforms.ActiveCfg = Debug|Any CPU
		{5DAC7DAF-5D12-49EB-ADDD-B0D4397EA066}.Debug|Mixed Platforms.Build.0 = Debug|Any CPU
		{5DAC7DAF-5D12-49EB-ADDD-B0D4397EA066}.Release|Any CPU.ActiveCfg = Release|Any CPU
		{5DAC7DAF-5D12-49EB-ADDD-B0D4397EA066}.Release|Any CPU.Build.0 = Release|Any CPU
		{5DAC7DAF-5D12-49EB-ADDD-B0D4397EA066}.Release|iPhone.ActiveCfg = Release|Any CPU
		{5DAC7DAF-5D12-49EB-ADDD-B0D4397EA066}.Release|iPhoneSimulator.ActiveCfg = Release|Any CPU
		{5DAC7DAF-5D12-49EB-ADDD-B0D4397EA066}.Release|Mixed Platforms.ActiveCfg = Release|Any CPU
		{5DAC7DAF-5D12-49EB-ADDD-B0D4397EA066}.Release|Mixed Platforms.Build.0 = Release|Any CPU
		{3EB4660D-E153-4207-BE80-1B3F6BA4E814}.Ad-Hoc|Any CPU.ActiveCfg = Ad-Hoc|iPhone
		{3EB4660D-E153-4207-BE80-1B3F6BA4E814}.Ad-Hoc|iPhone.ActiveCfg = Ad-Hoc|iPhone
		{3EB4660D-E153-4207-BE80-1B3F6BA4E814}.Ad-Hoc|iPhone.Build.0 = Ad-Hoc|iPhone
		{3EB4660D-E153-4207-BE80-1B3F6BA4E814}.Ad-Hoc|iPhoneSimulator.ActiveCfg = Ad-Hoc|iPhoneSimulator
		{3EB4660D-E153-4207-BE80-1B3F6BA4E814}.Ad-Hoc|iPhoneSimulator.Build.0 = Ad-Hoc|iPhoneSimulator
		{3EB4660D-E153-4207-BE80-1B3F6BA4E814}.Ad-Hoc|Mixed Platforms.ActiveCfg = Ad-Hoc|iPhoneSimulator
		{3EB4660D-E153-4207-BE80-1B3F6BA4E814}.Ad-Hoc|Mixed Platforms.Build.0 = Ad-Hoc|iPhoneSimulator
		{3EB4660D-E153-4207-BE80-1B3F6BA4E814}.AppStore|Any CPU.ActiveCfg = AppStore|iPhone
		{3EB4660D-E153-4207-BE80-1B3F6BA4E814}.AppStore|iPhone.ActiveCfg = AppStore|iPhone
		{3EB4660D-E153-4207-BE80-1B3F6BA4E814}.AppStore|iPhone.Build.0 = AppStore|iPhone
		{3EB4660D-E153-4207-BE80-1B3F6BA4E814}.AppStore|iPhoneSimulator.ActiveCfg = AppStore|iPhoneSimulator
		{3EB4660D-E153-4207-BE80-1B3F6BA4E814}.AppStore|iPhoneSimulator.Build.0 = AppStore|iPhoneSimulator
		{3EB4660D-E153-4207-BE80-1B3F6BA4E814}.AppStore|Mixed Platforms.ActiveCfg = AppStore|iPhoneSimulator
		{3EB4660D-E153-4207-BE80-1B3F6BA4E814}.AppStore|Mixed Platforms.Build.0 = AppStore|iPhoneSimulator
		{3EB4660D-E153-4207-BE80-1B3F6BA4E814}.Debug|Any CPU.ActiveCfg = Debug|iPhone
		{3EB4660D-E153-4207-BE80-1B3F6BA4E814}.Debug|iPhone.ActiveCfg = Debug|iPhone
		{3EB4660D-E153-4207-BE80-1B3F6BA4E814}.Debug|iPhone.Build.0 = Debug|iPhone
		{3EB4660D-E153-4207-BE80-1B3F6BA4E814}.Debug|iPhoneSimulator.ActiveCfg = Debug|iPhoneSimulator
		{3EB4660D-E153-4207-BE80-1B3F6BA4E814}.Debug|iPhoneSimulator.Build.0 = Debug|iPhoneSimulator
		{3EB4660D-E153-4207-BE80-1B3F6BA4E814}.Debug|Mixed Platforms.ActiveCfg = Debug|iPhoneSimulator
		{3EB4660D-E153-4207-BE80-1B3F6BA4E814}.Debug|Mixed Platforms.Build.0 = Debug|iPhoneSimulator
		{3EB4660D-E153-4207-BE80-1B3F6BA4E814}.Release|Any CPU.ActiveCfg = Release|iPhone
		{3EB4660D-E153-4207-BE80-1B3F6BA4E814}.Release|iPhone.ActiveCfg = Release|iPhone
		{3EB4660D-E153-4207-BE80-1B3F6BA4E814}.Release|iPhone.Build.0 = Release|iPhone
		{3EB4660D-E153-4207-BE80-1B3F6BA4E814}.Release|iPhoneSimulator.ActiveCfg = Release|iPhoneSimulator
		{3EB4660D-E153-4207-BE80-1B3F6BA4E814}.Release|iPhoneSimulator.Build.0 = Release|iPhoneSimulator
		{3EB4660D-E153-4207-BE80-1B3F6BA4E814}.Release|Mixed Platforms.ActiveCfg = Release|iPhoneSimulator
		{3EB4660D-E153-4207-BE80-1B3F6BA4E814}.Release|Mixed Platforms.Build.0 = Release|iPhoneSimulator
		{E6C3413C-919B-486D-8B6C-225CBD921B98}.Ad-Hoc|Any CPU.ActiveCfg = Release|Any CPU
		{E6C3413C-919B-486D-8B6C-225CBD921B98}.Ad-Hoc|Any CPU.Build.0 = Release|Any CPU
		{E6C3413C-919B-486D-8B6C-225CBD921B98}.Ad-Hoc|iPhone.ActiveCfg = Release|Any CPU
		{E6C3413C-919B-486D-8B6C-225CBD921B98}.Ad-Hoc|iPhoneSimulator.ActiveCfg = Release|Any CPU
		{E6C3413C-919B-486D-8B6C-225CBD921B98}.Ad-Hoc|Mixed Platforms.ActiveCfg = Release|Any CPU
		{E6C3413C-919B-486D-8B6C-225CBD921B98}.Ad-Hoc|Mixed Platforms.Build.0 = Release|Any CPU
		{E6C3413C-919B-486D-8B6C-225CBD921B98}.AppStore|Any CPU.ActiveCfg = Release|Any CPU
		{E6C3413C-919B-486D-8B6C-225CBD921B98}.AppStore|Any CPU.Build.0 = Release|Any CPU
		{E6C3413C-919B-486D-8B6C-225CBD921B98}.AppStore|iPhone.ActiveCfg = Release|Any CPU
		{E6C3413C-919B-486D-8B6C-225CBD921B98}.AppStore|iPhoneSimulator.ActiveCfg = Release|Any CPU
		{E6C3413C-919B-486D-8B6C-225CBD921B98}.AppStore|Mixed Platforms.ActiveCfg = Release|Any CPU
		{E6C3413C-919B-486D-8B6C-225CBD921B98}.AppStore|Mixed Platforms.Build.0 = Release|Any CPU
		{E6C3413C-919B-486D-8B6C-225CBD921B98}.Debug|Any CPU.ActiveCfg = Debug|Any CPU
		{E6C3413C-919B-486D-8B6C-225CBD921B98}.Debug|Any CPU.Build.0 = Debug|Any CPU
		{E6C3413C-919B-486D-8B6C-225CBD921B98}.Debug|iPhone.ActiveCfg = Debug|Any CPU
		{E6C3413C-919B-486D-8B6C-225CBD921B98}.Debug|iPhoneSimulator.ActiveCfg = Debug|Any CPU
		{E6C3413C-919B-486D-8B6C-225CBD921B98}.Debug|Mixed Platforms.ActiveCfg = Debug|Any CPU
		{E6C3413C-919B-486D-8B6C-225CBD921B98}.Debug|Mixed Platforms.Build.0 = Debug|Any CPU
		{E6C3413C-919B-486D-8B6C-225CBD921B98}.Release|Any CPU.ActiveCfg = Release|Any CPU
		{E6C3413C-919B-486D-8B6C-225CBD921B98}.Release|Any CPU.Build.0 = Release|Any CPU
		{E6C3413C-919B-486D-8B6C-225CBD921B98}.Release|iPhone.ActiveCfg = Release|Any CPU
		{E6C3413C-919B-486D-8B6C-225CBD921B98}.Release|iPhoneSimulator.ActiveCfg = Release|Any CPU
		{E6C3413C-919B-486D-8B6C-225CBD921B98}.Release|Mixed Platforms.ActiveCfg = Release|Any CPU
		{E6C3413C-919B-486D-8B6C-225CBD921B98}.Release|Mixed Platforms.Build.0 = Release|Any CPU
		{26FB09F5-8C19-4AB5-9E03-C0CD268E9E10}.Ad-Hoc|Any CPU.ActiveCfg = Release|Any CPU
		{26FB09F5-8C19-4AB5-9E03-C0CD268E9E10}.Ad-Hoc|Any CPU.Build.0 = Release|Any CPU
		{26FB09F5-8C19-4AB5-9E03-C0CD268E9E10}.Ad-Hoc|iPhone.ActiveCfg = Release|Any CPU
		{26FB09F5-8C19-4AB5-9E03-C0CD268E9E10}.Ad-Hoc|iPhoneSimulator.ActiveCfg = Release|Any CPU
		{26FB09F5-8C19-4AB5-9E03-C0CD268E9E10}.Ad-Hoc|Mixed Platforms.ActiveCfg = Release|Any CPU
		{26FB09F5-8C19-4AB5-9E03-C0CD268E9E10}.Ad-Hoc|Mixed Platforms.Build.0 = Release|Any CPU
		{26FB09F5-8C19-4AB5-9E03-C0CD268E9E10}.AppStore|Any CPU.ActiveCfg = Release|Any CPU
		{26FB09F5-8C19-4AB5-9E03-C0CD268E9E10}.AppStore|Any CPU.Build.0 = Release|Any CPU
		{26FB09F5-8C19-4AB5-9E03-C0CD268E9E10}.AppStore|iPhone.ActiveCfg = Release|Any CPU
		{26FB09F5-8C19-4AB5-9E03-C0CD268E9E10}.AppStore|iPhoneSimulator.ActiveCfg = Release|Any CPU
		{26FB09F5-8C19-4AB5-9E03-C0CD268E9E10}.AppStore|Mixed Platforms.ActiveCfg = Release|Any CPU
		{26FB09F5-8C19-4AB5-9E03-C0CD268E9E10}.AppStore|Mixed Platforms.Build.0 = Release|Any CPU
		{26FB09F5-8C19-4AB5-9E03-C0CD268E9E10}.Debug|Any CPU.ActiveCfg = Debug|Any CPU
		{26FB09F5-8C19-4AB5-9E03-C0CD268E9E10}.Debug|Any CPU.Build.0 = Debug|Any CPU
		{26FB09F5-8C19-4AB5-9E03-C0CD268E9E10}.Debug|iPhone.ActiveCfg = Debug|Any CPU
		{26FB09F5-8C19-4AB5-9E03-C0CD268E9E10}.Debug|iPhoneSimulator.ActiveCfg = Debug|Any CPU
		{26FB09F5-8C19-4AB5-9E03-C0CD268E9E10}.Debug|Mixed Platforms.ActiveCfg = Debug|Any CPU
		{26FB09F5-8C19-4AB5-9E03-C0CD268E9E10}.Debug|Mixed Platforms.Build.0 = Debug|Any CPU
		{26FB09F5-8C19-4AB5-9E03-C0CD268E9E10}.Release|Any CPU.ActiveCfg = Release|Any CPU
		{26FB09F5-8C19-4AB5-9E03-C0CD268E9E10}.Release|Any CPU.Build.0 = Release|Any CPU
		{26FB09F5-8C19-4AB5-9E03-C0CD268E9E10}.Release|iPhone.ActiveCfg = Release|Any CPU
		{26FB09F5-8C19-4AB5-9E03-C0CD268E9E10}.Release|iPhoneSimulator.ActiveCfg = Release|Any CPU
		{26FB09F5-8C19-4AB5-9E03-C0CD268E9E10}.Release|Mixed Platforms.ActiveCfg = Release|Any CPU
		{26FB09F5-8C19-4AB5-9E03-C0CD268E9E10}.Release|Mixed Platforms.Build.0 = Release|Any CPU
	EndGlobalSection
	GlobalSection(SolutionProperties) = preSolution
		HideSolutionNode = FALSE
	EndGlobalSection
EndGlobal
